
Microsoft Visual Studio Solution File, Format Version 12.00
# Visual Studio Version 17
VisualStudioVersion = 17.13.35913.81 d17.13
MinimumVisualStudioVersion = 10.0.40219.1
Project("{FAE04EC0-301F-11D3-BF4B-00C04F79EFBC}") = "Tixora.API", "Tixora.API\Tixora.API.csproj", "{4C902059-3E98-4106-8D86-29DD7A1BE3E8}"
EndProject
Project("{FAE04EC0-301F-11D3-BF4B-00C04F79EFBC}") = "Tixora.Services", "Tixora.Services\Tixora.Services.csproj", "{6D1D1140-1559-4927-8373-630403FC0F2D}"
EndProject
Project("{FAE04EC0-301F-11D3-BF4B-00C04F79EFBC}") = "Tixora.Repository", "Tixora.Repository\Tixora.Repository.csproj", "{1B44662B-38D5-421C-BACF-F1FD635E1289}"
EndProject
Project("{FAE04EC0-301F-11D3-BF4B-00C04F79EFBC}") = "Tixora.Core", "Tixora.Core\Tixora.Core.csproj", "{76BE3995-6F86-47FC-AF05-091058DB57F4}"
EndProject
Project("{FAE04EC0-301F-11D3-BF4B-00C04F79EFBC}") = "Tixora.Utils", "Tixora.Utils\Tixora.Utils.csproj", "{182620E7-7389-4E6E-ADF0-8C06CCA1006E}"
EndProject
Global
	GlobalSection(SolutionConfigurationPlatforms) = preSolution
		Debug|Any CPU = Debug|Any CPU
		Release|Any CPU = Release|Any CPU
	EndGlobalSection
	GlobalSection(ProjectConfigurationPlatforms) = postSolution
		{4C902059-3E98-4106-8D86-29DD7A1BE3E8}.Debug|Any CPU.ActiveCfg = Debug|Any CPU
		{4C902059-3E98-4106-8D86-29DD7A1BE3E8}.Debug|Any CPU.Build.0 = Debug|Any CPU
		{4C902059-3E98-4106-8D86-29DD7A1BE3E8}.Release|Any CPU.ActiveCfg = Release|Any CPU
		{4C902059-3E98-4106-8D86-29DD7A1BE3E8}.Release|Any CPU.Build.0 = Release|Any CPU
		{6D1D1140-1559-4927-8373-630403FC0F2D}.Debug|Any CPU.ActiveCfg = Debug|Any CPU
		{6D1D1140-1559-4927-8373-630403FC0F2D}.Debug|Any CPU.Build.0 = Debug|Any CPU
		{6D1D1140-1559-4927-8373-630403FC0F2D}.Release|Any CPU.ActiveCfg = Release|Any CPU
		{6D1D1140-1559-4927-8373-630403FC0F2D}.Release|Any CPU.Build.0 = Release|Any CPU
		{1B44662B-38D5-421C-BACF-F1FD635E1289}.Debug|Any CPU.ActiveCfg = Debug|Any CPU
		{1B44662B-38D5-421C-BACF-F1FD635E1289}.Debug|Any CPU.Build.0 = Debug|Any CPU
		{1B44662B-38D5-421C-BACF-F1FD635E1289}.Release|Any CPU.ActiveCfg = Release|Any CPU
		{1B44662B-38D5-421C-BACF-F1FD635E1289}.Release|Any CPU.Build.0 = Release|Any CPU
		{76BE3995-6F86-47FC-AF05-091058DB57F4}.Debug|Any CPU.ActiveCfg = Debug|Any CPU
		{76BE3995-6F86-47FC-AF05-091058DB57F4}.Debug|Any CPU.Build.0 = Debug|Any CPU
		{76BE3995-6F86-47FC-AF05-091058DB57F4}.Release|Any CPU.ActiveCfg = Release|Any CPU
		{76BE3995-6F86-47FC-AF05-091058DB57F4}.Release|Any CPU.Build.0 = Release|Any CPU
		{182620E7-7389-4E6E-ADF0-8C06CCA1006E}.Debug|Any CPU.ActiveCfg = Debug|Any CPU
		{182620E7-7389-4E6E-ADF0-8C06CCA1006E}.Debug|Any CPU.Build.0 = Debug|Any CPU
		{182620E7-7389-4E6E-ADF0-8C06CCA1006E}.Release|Any CPU.ActiveCfg = Release|Any CPU
		{182620E7-7389-4E6E-ADF0-8C06CCA1006E}.Release|Any CPU.Build.0 = Release|Any CPU
	EndGlobalSection
	GlobalSection(SolutionProperties) = preSolution
		HideSolutionNode = FALSE
	EndGlobalSection
	GlobalSection(ExtensibilityGlobals) = postSolution
		SolutionGuid = {B4B04688-EF11-43A9-9E39-BCC68A352526}
	EndGlobalSection
EndGlobal
